
Microsoft Visual Studio Solution File, Format Version 12.00
# Visual Studio Version 16
VisualStudioVersion = 16.0.30611.23
MinimumVisualStudioVersion = 10.0.40219.1
Project("{9A19103F-16F7-4668-BE54-9A1E7A4F7556}") = "Market.Domain", "Market.Domain\Market.Domain.csproj", "{3B8F2269-4AE0-4859-8264-1A70D898E891}"
EndProject
Project("{9A19103F-16F7-4668-BE54-9A1E7A4F7556}") = "Market.Application", "Market.Application\Market.Application.csproj", "{5A6129D5-C9FC-443E-B04D-7C056D1F186A}"
EndProject
Project("{9A19103F-16F7-4668-BE54-9A1E7A4F7556}") = "Market.Api", "Market.Api\Market.Api.csproj", "{C0F70F6A-7EC3-4748-ABE7-981736725190}"
EndProject
Project("{9A19103F-16F7-4668-BE54-9A1E7A4F7556}") = "Market.ReadModels", "Market.ReadModels\Market.ReadModels.csproj", "{40DA767E-D72C-493E-8064-23BB93A14908}"
EndProject
Project("{2150E333-8FDC-42A3-9474-1A3956D46DE8}") = "Tests", "Tests", "{763C6038-FD0B-46A3-AD77-284EAB060637}"
EndProject
Project("{9A19103F-16F7-4668-BE54-9A1E7A4F7556}") = "CoreTests", "CoreTests\CoreTests.csproj", "{DB0A171A-3EE6-445D-99C9-A759F4604AEE}"
EndProject
Project("{9A19103F-16F7-4668-BE54-9A1E7A4F7556}") = "Market.Infrastructure", "Market.Infrastructure\Market.Infrastructure.csproj", "{105E1247-3514-41C5-8098-6B87B06F71F5}"
EndProject
Project("{9A19103F-16F7-4668-BE54-9A1E7A4F7556}") = "Core", "Core\Core.csproj", "{7ECCB601-DD45-4427-ABF8-A60B40613513}"
EndProject
Project("{9A19103F-16F7-4668-BE54-9A1E7A4F7556}") = "EventStore.MSSQL", "EventStore.MSSQL\EventStore.MSSQL.csproj", "{027D02DD-9AA0-4156-A25C-69A7A1125991}"
EndProject
Project("{9A19103F-16F7-4668-BE54-9A1E7A4F7556}") = "ReadModelRepository.MSSQL", "ReadModelRepository\ReadModelRepository.MSSQL.csproj", "{9AEA88B0-9614-4291-9142-F0EC7F89CA92}"
EndProject
Global
	GlobalSection(SolutionConfigurationPlatforms) = preSolution
		Debug|Any CPU = Debug|Any CPU
		Release|Any CPU = Release|Any CPU
	EndGlobalSection
	GlobalSection(ProjectConfigurationPlatforms) = postSolution
		{3B8F2269-4AE0-4859-8264-1A70D898E891}.Debug|Any CPU.ActiveCfg = Debug|Any CPU
		{3B8F2269-4AE0-4859-8264-1A70D898E891}.Debug|Any CPU.Build.0 = Debug|Any CPU
		{3B8F2269-4AE0-4859-8264-1A70D898E891}.Release|Any CPU.ActiveCfg = Release|Any CPU
		{3B8F2269-4AE0-4859-8264-1A70D898E891}.Release|Any CPU.Build.0 = Release|Any CPU
		{5A6129D5-C9FC-443E-B04D-7C056D1F186A}.Debug|Any CPU.ActiveCfg = Debug|Any CPU
		{5A6129D5-C9FC-443E-B04D-7C056D1F186A}.Debug|Any CPU.Build.0 = Debug|Any CPU
		{5A6129D5-C9FC-443E-B04D-7C056D1F186A}.Release|Any CPU.ActiveCfg = Release|Any CPU
		{5A6129D5-C9FC-443E-B04D-7C056D1F186A}.Release|Any CPU.Build.0 = Release|Any CPU
		{C0F70F6A-7EC3-4748-ABE7-981736725190}.Debug|Any CPU.ActiveCfg = Debug|Any CPU
		{C0F70F6A-7EC3-4748-ABE7-981736725190}.Debug|Any CPU.Build.0 = Debug|Any CPU
		{C0F70F6A-7EC3-4748-ABE7-981736725190}.Release|Any CPU.ActiveCfg = Release|Any CPU
		{C0F70F6A-7EC3-4748-ABE7-981736725190}.Release|Any CPU.Build.0 = Release|Any CPU
		{40DA767E-D72C-493E-8064-23BB93A14908}.Debug|Any CPU.ActiveCfg = Debug|Any CPU
		{40DA767E-D72C-493E-8064-23BB93A14908}.Debug|Any CPU.Build.0 = Debug|Any CPU
		{40DA767E-D72C-493E-8064-23BB93A14908}.Release|Any CPU.ActiveCfg = Release|Any CPU
		{40DA767E-D72C-493E-8064-23BB93A14908}.Release|Any CPU.Build.0 = Release|Any CPU
		{DB0A171A-3EE6-445D-99C9-A759F4604AEE}.Debug|Any CPU.ActiveCfg = Debug|Any CPU
		{DB0A171A-3EE6-445D-99C9-A759F4604AEE}.Debug|Any CPU.Build.0 = Debug|Any CPU
		{DB0A171A-3EE6-445D-99C9-A759F4604AEE}.Release|Any CPU.ActiveCfg = Release|Any CPU
		{DB0A171A-3EE6-445D-99C9-A759F4604AEE}.Release|Any CPU.Build.0 = Release|Any CPU
		{105E1247-3514-41C5-8098-6B87B06F71F5}.Debug|Any CPU.ActiveCfg = Debug|Any CPU
		{105E1247-3514-41C5-8098-6B87B06F71F5}.Debug|Any CPU.Build.0 = Debug|Any CPU
		{105E1247-3514-41C5-8098-6B87B06F71F5}.Release|Any CPU.ActiveCfg = Release|Any CPU
		{105E1247-3514-41C5-8098-6B87B06F71F5}.Release|Any CPU.Build.0 = Release|Any CPU
		{7ECCB601-DD45-4427-ABF8-A60B40613513}.Debug|Any CPU.ActiveCfg = Debug|Any CPU
		{7ECCB601-DD45-4427-ABF8-A60B40613513}.Debug|Any CPU.Build.0 = Debug|Any CPU
		{7ECCB601-DD45-4427-ABF8-A60B40613513}.Release|Any CPU.ActiveCfg = Release|Any CPU
		{7ECCB601-DD45-4427-ABF8-A60B40613513}.Release|Any CPU.Build.0 = Release|Any CPU
		{027D02DD-9AA0-4156-A25C-69A7A1125991}.Debug|Any CPU.ActiveCfg = Debug|Any CPU
		{027D02DD-9AA0-4156-A25C-69A7A1125991}.Debug|Any CPU.Build.0 = Debug|Any CPU
		{027D02DD-9AA0-4156-A25C-69A7A1125991}.Release|Any CPU.ActiveCfg = Release|Any CPU
		{027D02DD-9AA0-4156-A25C-69A7A1125991}.Release|Any CPU.Build.0 = Release|Any CPU
		{9AEA88B0-9614-4291-9142-F0EC7F89CA92}.Debug|Any CPU.ActiveCfg = Debug|Any CPU
		{9AEA88B0-9614-4291-9142-F0EC7F89CA92}.Debug|Any CPU.Build.0 = Debug|Any CPU
		{9AEA88B0-9614-4291-9142-F0EC7F89CA92}.Release|Any CPU.ActiveCfg = Release|Any CPU
		{9AEA88B0-9614-4291-9142-F0EC7F89CA92}.Release|Any CPU.Build.0 = Release|Any CPU
	EndGlobalSection
	GlobalSection(SolutionProperties) = preSolution
		HideSolutionNode = FALSE
	EndGlobalSection
	GlobalSection(NestedProjects) = preSolution
		{DB0A171A-3EE6-445D-99C9-A759F4604AEE} = {763C6038-FD0B-46A3-AD77-284EAB060637}
	EndGlobalSection
	GlobalSection(ExtensibilityGlobals) = postSolution
		SolutionGuid = {B864F5FE-922A-4E56-82B0-4E00BEA1B02C}
	EndGlobalSection
EndGlobal
