
Microsoft Visual Studio Solution File, Format Version 12.00
# Visual Studio Version 16
VisualStudioVersion = 16.0.30611.23
MinimumVisualStudioVersion = 10.0.40219.1
Project("{9A19103F-16F7-4668-BE54-9A1E7A4F7556}") = "Market.Domain", "Market.Domain\Market.Domain.csproj", "{3B8F2269-4AE0-4859-8264-1A70D898E891}"
EndProject
Project("{9A19103F-16F7-4668-BE54-9A1E7A4F7556}") = "Market.Application", "Market.Application\Market.Application.csproj", "{5A6129D5-C9FC-443E-B04D-7C056D1F186A}"
EndProject
Project("{9A19103F-16F7-4668-BE54-9A1E7A4F7556}") = "Market.Api", "Market.Api\Market.Api.csproj", "{C0F70F6A-7EC3-4748-ABE7-981736725190}"
EndProject
Project("{FAE04EC0-301F-11D3-BF4B-00C04F79EFBC}") = "Market.ReadModels", "Market.ReadModels\Market.ReadModels.csproj", "{40DA767E-D72C-493E-8064-23BB93A14908}"
EndProject
Global
	GlobalSection(SolutionConfigurationPlatforms) = preSolution
		Debug|Any CPU = Debug|Any CPU
		Release|Any CPU = Release|Any CPU
	EndGlobalSection
	GlobalSection(ProjectConfigurationPlatforms) = postSolution
		{3B8F2269-4AE0-4859-8264-1A70D898E891}.Debug|Any CPU.ActiveCfg = Debug|Any CPU
		{3B8F2269-4AE0-4859-8264-1A70D898E891}.Debug|Any CPU.Build.0 = Debug|Any CPU
		{3B8F2269-4AE0-4859-8264-1A70D898E891}.Release|Any CPU.ActiveCfg = Release|Any CPU
		{3B8F2269-4AE0-4859-8264-1A70D898E891}.Release|Any CPU.Build.0 = Release|Any CPU
		{5A6129D5-C9FC-443E-B04D-7C056D1F186A}.Debug|Any CPU.ActiveCfg = Debug|Any CPU
		{5A6129D5-C9FC-443E-B04D-7C056D1F186A}.Debug|Any CPU.Build.0 = Debug|Any CPU
		{5A6129D5-C9FC-443E-B04D-7C056D1F186A}.Release|Any CPU.ActiveCfg = Release|Any CPU
		{5A6129D5-C9FC-443E-B04D-7C056D1F186A}.Release|Any CPU.Build.0 = Release|Any CPU
		{C0F70F6A-7EC3-4748-ABE7-981736725190}.Debug|Any CPU.ActiveCfg = Debug|Any CPU
		{C0F70F6A-7EC3-4748-ABE7-981736725190}.Debug|Any CPU.Build.0 = Debug|Any CPU
		{C0F70F6A-7EC3-4748-ABE7-981736725190}.Release|Any CPU.ActiveCfg = Release|Any CPU
		{C0F70F6A-7EC3-4748-ABE7-981736725190}.Release|Any CPU.Build.0 = Release|Any CPU
		{40DA767E-D72C-493E-8064-23BB93A14908}.Debug|Any CPU.ActiveCfg = Debug|Any CPU
		{40DA767E-D72C-493E-8064-23BB93A14908}.Debug|Any CPU.Build.0 = Debug|Any CPU
		{40DA767E-D72C-493E-8064-23BB93A14908}.Release|Any CPU.ActiveCfg = Release|Any CPU
		{40DA767E-D72C-493E-8064-23BB93A14908}.Release|Any CPU.Build.0 = Release|Any CPU
	EndGlobalSection
	GlobalSection(SolutionProperties) = preSolution
		HideSolutionNode = FALSE
	EndGlobalSection
	GlobalSection(ExtensibilityGlobals) = postSolution
		SolutionGuid = {B864F5FE-922A-4E56-82B0-4E00BEA1B02C}
	EndGlobalSection
EndGlobal
